{
  "name": "@efficiency/todoist-cli",
  "version": "0.1.0",
  "lockfileVersion": 3,
  "requires": true,
  "packages": {
    "": {
      "name": "@efficiency/todoist-cli",
      "version": "0.1.0",
      "license": "MIT",
      "bin": {
        "todoist-cli": "bin/todoist-cli.js"
      }
    }
  }
}
